
Microsoft Visual Studio Solution File, Format Version 12.00
# Visual Studio Version 17
VisualStudioVersion = 17.7.34024.191
MinimumVisualStudioVersion = 10.0.40219.1
Project("{9A19103F-16F7-4668-BE54-9A1E7A4F7556}") = "Clasharp", "Clasharp\Clasharp.csproj", "{74BBEB75-347C-4687-86A6-84C6D964CD46}"
EndProject
Project("{9A19103F-16F7-4668-BE54-9A1E7A4F7556}") = "Clasharp.Service", "Clasharp.Service\Clasharp.Service.csproj", "{3C09CC2F-D757-4DA5-90E6-39DC07AF1E8C}"
EndProject
Project("{9A19103F-16F7-4668-BE54-9A1E7A4F7556}") = "Clasharp.Common", "Clasharp.Common\Clasharp.Common.csproj", "{24086F31-ECCB-436E-B9A3-1C27F9DBC12C}"
EndProject
Project("{9A19103F-16F7-4668-BE54-9A1E7A4F7556}") = "RichEnum", "references\RichEnum\RichEnum\RichEnum.csproj", "{B9F0EC84-11CE-4BB2-BE34-4A372D48A081}"
EndProject
Project("{2150E333-8FDC-42A3-9474-1A3956D46DE8}") = "SolutionFiles", "SolutionFiles", "{A18856BE-75C6-4467-B12D-DFBA887722F4}"
	ProjectSection(SolutionItems) = preProject
		global.json = global.json
		LICENCE = LICENCE
		publish.ps1 = publish.ps1
		publish.sh = publish.sh
		README.md = README.md
	EndProjectSection
EndProject
Project("{2150E333-8FDC-42A3-9474-1A3956D46DE8}") = "proto", "proto", "{40810E88-6748-4508-BF36-289DF0006A30}"
	ProjectSection(SolutionItems) = preProject
		proto\CoreService.proto = proto\CoreService.proto
	EndProjectSection
EndProject
Global
	GlobalSection(SolutionConfigurationPlatforms) = preSolution
		Debug|Any CPU = Debug|Any CPU
		Release|Any CPU = Release|Any CPU
	EndGlobalSection
	GlobalSection(ProjectConfigurationPlatforms) = postSolution
		{74BBEB75-347C-4687-86A6-84C6D964CD46}.Debug|Any CPU.ActiveCfg = Debug|Any CPU
		{74BBEB75-347C-4687-86A6-84C6D964CD46}.Debug|Any CPU.Build.0 = Debug|Any CPU
		{74BBEB75-347C-4687-86A6-84C6D964CD46}.Release|Any CPU.ActiveCfg = Release|Any CPU
		{74BBEB75-347C-4687-86A6-84C6D964CD46}.Release|Any CPU.Build.0 = Release|Any CPU
		{3C09CC2F-D757-4DA5-90E6-39DC07AF1E8C}.Debug|Any CPU.ActiveCfg = Debug|Any CPU
		{3C09CC2F-D757-4DA5-90E6-39DC07AF1E8C}.Debug|Any CPU.Build.0 = Debug|Any CPU
		{3C09CC2F-D757-4DA5-90E6-39DC07AF1E8C}.Release|Any CPU.ActiveCfg = Release|Any CPU
		{3C09CC2F-D757-4DA5-90E6-39DC07AF1E8C}.Release|Any CPU.Build.0 = Release|Any CPU
		{24086F31-ECCB-436E-B9A3-1C27F9DBC12C}.Debug|Any CPU.ActiveCfg = Debug|Any CPU
		{24086F31-ECCB-436E-B9A3-1C27F9DBC12C}.Debug|Any CPU.Build.0 = Debug|Any CPU
		{24086F31-ECCB-436E-B9A3-1C27F9DBC12C}.Release|Any CPU.ActiveCfg = Release|Any CPU
		{24086F31-ECCB-436E-B9A3-1C27F9DBC12C}.Release|Any CPU.Build.0 = Release|Any CPU
		{B9F0EC84-11CE-4BB2-BE34-4A372D48A081}.Debug|Any CPU.ActiveCfg = Debug|Any CPU
		{B9F0EC84-11CE-4BB2-BE34-4A372D48A081}.Debug|Any CPU.Build.0 = Debug|Any CPU
		{B9F0EC84-11CE-4BB2-BE34-4A372D48A081}.Release|Any CPU.ActiveCfg = Release|Any CPU
		{B9F0EC84-11CE-4BB2-BE34-4A372D48A081}.Release|Any CPU.Build.0 = Release|Any CPU
	EndGlobalSection
	GlobalSection(SolutionProperties) = preSolution
		HideSolutionNode = FALSE
	EndGlobalSection
	GlobalSection(NestedProjects) = preSolution
		{40810E88-6748-4508-BF36-289DF0006A30} = {A18856BE-75C6-4467-B12D-DFBA887722F4}
	EndGlobalSection
	GlobalSection(ExtensibilityGlobals) = postSolution
		SolutionGuid = {42D53355-E5F2-4704-BD04-777AF8E2DE2F}
	EndGlobalSection
EndGlobal
