
Microsoft Visual Studio Solution File, Format Version 12.00
Project("{FAE04EC0-301F-11D3-BF4B-00C04F79EFBC}") = "Clasharp", "Clasharp\Clasharp.csproj", "{74BBEB75-347C-4687-86A6-84C6D964CD46}"
EndProject
Project("{FAE04EC0-301F-11D3-BF4B-00C04F79EFBC}") = "Clasharp.Service", "Clasharp.Service\Clasharp.Service.csproj", "{3C09CC2F-D757-4DA5-90E6-39DC07AF1E8C}"
EndProject
Project("{FAE04EC0-301F-11D3-BF4B-00C04F79EFBC}") = "Clasharp.Common", "Clasharp.Common\Clasharp.Common.csproj", "{24086F31-ECCB-436E-B9A3-1C27F9DBC12C}"
EndProject
Project("{FAE04EC0-301F-11D3-BF4B-00C04F79EFBC}") = "RichEnum", "references\RichEnum\RichEnum\RichEnum.csproj", "{B9F0EC84-11CE-4BB2-BE34-4A372D48A081}"
EndProject
Global
	GlobalSection(SolutionConfigurationPlatforms) = preSolution
		Debug|Any CPU = Debug|Any CPU
		Release|Any CPU = Release|Any CPU
	EndGlobalSection
	GlobalSection(ProjectConfigurationPlatforms) = postSolution
		{74BBEB75-347C-4687-86A6-84C6D964CD46}.Debug|Any CPU.ActiveCfg = Debug|Any CPU
		{74BBEB75-347C-4687-86A6-84C6D964CD46}.Debug|Any CPU.Build.0 = Debug|Any CPU
		{74BBEB75-347C-4687-86A6-84C6D964CD46}.Release|Any CPU.ActiveCfg = Release|Any CPU
		{74BBEB75-347C-4687-86A6-84C6D964CD46}.Release|Any CPU.Build.0 = Release|Any CPU
		{3C09CC2F-D757-4DA5-90E6-39DC07AF1E8C}.Debug|Any CPU.ActiveCfg = Debug|Any CPU
		{3C09CC2F-D757-4DA5-90E6-39DC07AF1E8C}.Debug|Any CPU.Build.0 = Debug|Any CPU
		{3C09CC2F-D757-4DA5-90E6-39DC07AF1E8C}.Release|Any CPU.ActiveCfg = Release|Any CPU
		{3C09CC2F-D757-4DA5-90E6-39DC07AF1E8C}.Release|Any CPU.Build.0 = Release|Any CPU
		{24086F31-ECCB-436E-B9A3-1C27F9DBC12C}.Debug|Any CPU.ActiveCfg = Debug|Any CPU
		{24086F31-ECCB-436E-B9A3-1C27F9DBC12C}.Debug|Any CPU.Build.0 = Debug|Any CPU
		{24086F31-ECCB-436E-B9A3-1C27F9DBC12C}.Release|Any CPU.ActiveCfg = Release|Any CPU
		{24086F31-ECCB-436E-B9A3-1C27F9DBC12C}.Release|Any CPU.Build.0 = Release|Any CPU
		{B9F0EC84-11CE-4BB2-BE34-4A372D48A081}.Debug|Any CPU.ActiveCfg = Debug|Any CPU
		{B9F0EC84-11CE-4BB2-BE34-4A372D48A081}.Debug|Any CPU.Build.0 = Debug|Any CPU
		{B9F0EC84-11CE-4BB2-BE34-4A372D48A081}.Release|Any CPU.ActiveCfg = Release|Any CPU
		{B9F0EC84-11CE-4BB2-BE34-4A372D48A081}.Release|Any CPU.Build.0 = Release|Any CPU
	EndGlobalSection
EndGlobal
