
Microsoft Visual Studio Solution File, Format Version 12.00
Project("{FAE04EC0-301F-11D3-BF4B-00C04F79EFBC}") = "ClashGui", "ClashGui\ClashGui.csproj", "{74BBEB75-347C-4687-86A6-84C6D964CD46}"
EndProject
Project("{FAE04EC0-301F-11D3-BF4B-00C04F79EFBC}") = "ClashGui.ControllerApi", "ClashGui.ControllerApi\ClashGui.ControllerApi.csproj", "{D024D884-AAEF-448B-9495-61CF3258ADDA}"
EndProject
Global
	GlobalSection(SolutionConfigurationPlatforms) = preSolution
		Debug|Any CPU = Debug|Any CPU
		Release|Any CPU = Release|Any CPU
	EndGlobalSection
	GlobalSection(ProjectConfigurationPlatforms) = postSolution
		{74BBEB75-347C-4687-86A6-84C6D964CD46}.Debug|Any CPU.ActiveCfg = Debug|Any CPU
		{74BBEB75-347C-4687-86A6-84C6D964CD46}.Debug|Any CPU.Build.0 = Debug|Any CPU
		{74BBEB75-347C-4687-86A6-84C6D964CD46}.Release|Any CPU.ActiveCfg = Release|Any CPU
		{74BBEB75-347C-4687-86A6-84C6D964CD46}.Release|Any CPU.Build.0 = Release|Any CPU
		{D024D884-AAEF-448B-9495-61CF3258ADDA}.Debug|Any CPU.ActiveCfg = Debug|Any CPU
		{D024D884-AAEF-448B-9495-61CF3258ADDA}.Debug|Any CPU.Build.0 = Debug|Any CPU
		{D024D884-AAEF-448B-9495-61CF3258ADDA}.Release|Any CPU.ActiveCfg = Release|Any CPU
		{D024D884-AAEF-448B-9495-61CF3258ADDA}.Release|Any CPU.Build.0 = Release|Any CPU
	EndGlobalSection
EndGlobal
